# THIS IS AN AUTOGENERATED FILE. DO NOT EDIT THIS FILE DIRECTLY.
# yarn lockfile v1


"@react-pdf/fontkit@^1.7.8":
  version "1.7.8"
  resolved "https://registry.yarnpkg.com/@react-pdf/fontkit/-/fontkit-1.7.8.tgz#66dec1d78280e7680fd7854a8bbe8778e9065255"
  dependencies:
    babel-runtime "^6.11.6"
    brfs "^1.4.0"
    brotli "^1.2.0"
    browserify-optional "^1.0.0"
    clone "^1.0.1"
    deep-equal "^1.0.0"
    dfa "^1.0.0"
    restructure "^0.5.3"
    tiny-inflate "^1.0.2"
    unicode-properties "^1.0.0"
    unicode-trie "^0.3.0"

Base64@~0.2.0:
  version "0.2.1"
  resolved "https://registry.yarnpkg.com/Base64/-/Base64-0.2.1.tgz#ba3a4230708e186705065e66babdd4c35cf60028"

JSONStream@~0.6.4:
  version "0.6.4"
  resolved "https://registry.yarnpkg.com/JSONStream/-/JSONStream-0.6.4.tgz#4b2c8063f8f512787b2375f7ee9db69208fa2dcb"
  dependencies:
    jsonparse "0.0.5"
    through "~2.2.7"

JSONStream@~0.7.1:
  version "0.7.4"
  resolved "https://registry.yarnpkg.com/JSONStream/-/JSONStream-0.7.4.tgz#734290e41511eea7c2cfe151fbf9a563a97b9786"
  dependencies:
    jsonparse "0.0.5"
    through ">=2.2.7 <3"

abbrev@1:
  version "1.1.1"
  resolved "https://registry.yarnpkg.com/abbrev/-/abbrev-1.1.1.tgz#f8f2c887ad10bf67f634f005b6987fed3179aac8"

acorn@^2.7.0:
  version "2.7.0"
  resolved "https://registry.yarnpkg.com/acorn/-/acorn-2.7.0.tgz#ab6e7d9d886aaca8b085bc3312b79a198433f0e7"

acorn@^4.0.3:
  version "4.0.13"
  resolved "https://registry.yarnpkg.com/acorn/-/acorn-4.0.13.tgz#105495ae5361d697bd195c825192e1ad7f253787"

acorn@^5.0.0:
  version "5.5.3"
  resolved "https://registry.yarnpkg.com/acorn/-/acorn-5.5.3.tgz#f473dd47e0277a08e28e9bec5aeeb04751f0b8c9"

amdefine@>=0.0.4:
  version "1.0.1"
  resolved "https://registry.yarnpkg.com/amdefine/-/amdefine-1.0.1.tgz#4a5282ac164729e93619bcfd3ad151f817ce91f5"

assert@~1.1.0:
  version "1.1.2"
  resolved "https://registry.yarnpkg.com/assert/-/assert-1.1.2.tgz#adaa04c46bb58c6dd1f294da3eb26e6228eb6e44"
  dependencies:
    util "0.10.3"

ast-transform@0.0.0:
  version "0.0.0"
  resolved "https://registry.yarnpkg.com/ast-transform/-/ast-transform-0.0.0.tgz#74944058887d8283e189d954600947bc98fe0062"
  dependencies:
    escodegen "~1.2.0"
    esprima "~1.0.4"
    through "~2.3.4"

ast-types@^0.7.0:
  version "0.7.8"
  resolved "https://registry.yarnpkg.com/ast-types/-/ast-types-0.7.8.tgz#902d2e0d60d071bdcd46dc115e1809ed11c138a9"

astw@^2.0.0:
  version "2.2.0"
  resolved "https://registry.yarnpkg.com/astw/-/astw-2.2.0.tgz#7bd41784d32493987aeb239b6b4e1c57a873b917"
  dependencies:
    acorn "^4.0.3"

async@~0.2.6:
  version "0.2.10"
  resolved "https://registry.yarnpkg.com/async/-/async-0.2.10.tgz#b6bbe0b0674b9d719708ca38de8c237cb526c3d1"

babel-runtime@^6.11.6:
  version "6.26.0"
  resolved "https://registry.yarnpkg.com/babel-runtime/-/babel-runtime-6.26.0.tgz#965c7058668e82b55d7bfe04ff2337bc8b5647fe"
  dependencies:
    core-js "^2.4.0"
    regenerator-runtime "^0.11.0"

balanced-match@^1.0.0:
  version "1.0.0"
  resolved "https://registry.yarnpkg.com/balanced-match/-/balanced-match-1.0.0.tgz#89b4d199ab2bee49de164ea02b89ce462d71b767"

base64-js@0.0.8, base64-js@~0.0.4:
  version "0.0.8"
  resolved "https://registry.yarnpkg.com/base64-js/-/base64-js-0.0.8.tgz#1101e9544f4a76b1bc3b26d452ca96d7a35e7978"

base64-js@^1.1.2:
  version "1.3.0"
  resolved "https://registry.yarnpkg.com/base64-js/-/base64-js-1.3.0.tgz#cab1e6118f051095e58b5281aea8c1cd22bfc0e3"

blob-stream@^0.1.2:
  version "0.1.3"
  resolved "https://registry.yarnpkg.com/blob-stream/-/blob-stream-0.1.3.tgz#98d668af6996e0f32ef666d06e215ccc7d77686c"
  dependencies:
    blob "0.0.4"

blob@0.0.4:
  version "0.0.4"
  resolved "https://registry.yarnpkg.com/blob/-/blob-0.0.4.tgz#bcf13052ca54463f30f9fc7e95b9a47630a94921"

brace-expansion@^1.1.7:
  version "1.1.11"
  resolved "https://registry.yarnpkg.com/brace-expansion/-/brace-expansion-1.1.11.tgz#3c7fcbf529d87226f3d2f52b966ff5271eb441dd"
  dependencies:
    balanced-match "^1.0.0"
    concat-map "0.0.1"

brace@^0.2.1:
  version "0.2.1"
  resolved "https://registry.yarnpkg.com/brace/-/brace-0.2.1.tgz#806ea25b26e79654b1d05ec23016b44d9e770db4"
  dependencies:
    w3c-blob "0.0.1"

brfs@^1.3.0, brfs@^1.4.0:
  version "1.6.1"
  resolved "https://registry.yarnpkg.com/brfs/-/brfs-1.6.1.tgz#b78ce2336d818e25eea04a0947cba6d4fb8849c3"
  dependencies:
    quote-stream "^1.0.1"
    resolve "^1.1.5"
    static-module "^2.2.0"
    through2 "^2.0.0"

brfs@~1.0.1:
  version "1.0.2"
  resolved "https://registry.yarnpkg.com/brfs/-/brfs-1.0.2.tgz#0a6bf1a7d74b1f2504f6bc932b9cc4d2c1aeb7fa"
  dependencies:
    escodegen "0.0.17"
    falafel "~0.1.6"
    through "~2.2.0"

brotli@^1.2.0:
  version "1.3.2"
  resolved "https://registry.yarnpkg.com/brotli/-/brotli-1.3.2.tgz#525a9cad4fcba96475d7d388f6aecb13eed52f46"
  dependencies:
    base64-js "^1.1.2"

browser-pack@~2.0.0:
  version "2.0.1"
  resolved "https://registry.yarnpkg.com/browser-pack/-/browser-pack-2.0.1.tgz#5d1c527f56c582677411c4db2a128648ff6bf150"
  dependencies:
    JSONStream "~0.6.4"
    combine-source-map "~0.3.0"
    through "~2.3.4"

browser-resolve@^1.8.1:
  version "1.11.2"
  resolved "https://registry.yarnpkg.com/browser-resolve/-/browser-resolve-1.11.2.tgz#8ff09b0a2c421718a1051c260b32e48f442938ce"
  dependencies:
    resolve "1.1.7"

browser-resolve@~1.2.1, browser-resolve@~1.2.4:
  version "1.2.4"
  resolved "https://registry.yarnpkg.com/browser-resolve/-/browser-resolve-1.2.4.tgz#59ae7820a82955ecd32f5fb7c468ac21c4723806"
  dependencies:
    resolve "0.6.3"

browserify-optional@^1.0.0:
  version "1.0.1"
  resolved "https://registry.yarnpkg.com/browserify-optional/-/browserify-optional-1.0.1.tgz#1e13722cfde0d85f121676c2a72ced533a018869"
  dependencies:
    ast-transform "0.0.0"
    ast-types "^0.7.0"
    browser-resolve "^1.8.1"

browserify-zlib@~0.1.2:
  version "0.1.4"
  resolved "https://registry.yarnpkg.com/browserify-zlib/-/browserify-zlib-0.1.4.tgz#bb35f8a519f600e0fa6b8485241c979d0141fb2d"
  dependencies:
    pako "~0.2.0"

browserify@^3.39.0:
  version "3.46.1"
  resolved "https://registry.yarnpkg.com/browserify/-/browserify-3.46.1.tgz#2c2e4a7f2f408178e78c223b5b57b37c2185ad8e"
  dependencies:
    JSONStream "~0.7.1"
    assert "~1.1.0"
    browser-pack "~2.0.0"
    browser-resolve "~1.2.1"
    browserify-zlib "~0.1.2"
    buffer "~2.1.4"
    builtins "~0.0.3"
    commondir "0.0.1"
    concat-stream "~1.4.1"
    console-browserify "~1.0.1"
    constants-browserify "~0.0.1"
    crypto-browserify "~1.0.9"
    deep-equal "~0.1.0"
    defined "~0.0.0"
    deps-sort "~0.1.1"
    derequire "~0.8.0"
    domain-browser "~1.1.0"
    duplexer "~0.1.1"
    events "~1.0.0"
    glob "~3.2.8"
    http-browserify "~1.3.1"
    https-browserify "~0.0.0"
    inherits "~2.0.1"
    insert-module-globals "~6.0.0"
    module-deps "~2.0.0"
    os-browserify "~0.1.1"
    parents "~0.0.1"
    path-browserify "~0.0.0"
    process "^0.7.0"
    punycode "~1.2.3"
    querystring-es3 "0.2.0"
    resolve "~0.6.1"
    shallow-copy "0.0.1"
    shell-quote "~0.0.1"
    stream-browserify "~0.1.0"
    stream-combiner "~0.0.2"
    string_decoder "~0.0.0"
    subarg "0.0.1"
    syntax-error "~1.1.0"
    through2 "~0.4.1"
    timers-browserify "~1.0.1"
    tty-browserify "~0.0.0"
    umd "~2.0.0"
    url "~0.10.1"
    util "~0.10.1"
    vm-browserify "~0.0.1"
    xtend "^3.0.0"

buffer-equal@0.0.1:
  version "0.0.1"
  resolved "https://registry.yarnpkg.com/buffer-equal/-/buffer-equal-0.0.1.tgz#91bc74b11ea405bc916bc6aa908faafa5b4aac4b"

buffer-from@^1.0.0:
  version "1.0.0"
  resolved "https://registry.yarnpkg.com/buffer-from/-/buffer-from-1.0.0.tgz#4cb8832d23612589b0406e9e2956c17f06fdf531"

buffer@~2.1.4:
  version "2.1.13"
  resolved "https://registry.yarnpkg.com/buffer/-/buffer-2.1.13.tgz#c88838ebf79f30b8b4a707788470bea8a62c2355"
  dependencies:
    base64-js "~0.0.4"
    ieee754 "~1.1.1"

builtins@~0.0.3:
  version "0.0.7"
  resolved "https://registry.yarnpkg.com/builtins/-/builtins-0.0.7.tgz#355219cd6cf18dbe7c01cc7fd2dce765cfdc549a"

callsite@~1.0.0:
  version "1.0.0"
  resolved "https://registry.yarnpkg.com/callsite/-/callsite-1.0.0.tgz#280398e5d664bd74038b6f0905153e6e8af1bc20"

camelcase@^1.0.2:
  version "1.2.1"
  resolved "https://registry.yarnpkg.com/camelcase/-/camelcase-1.2.1.tgz#9bb5304d2e0b56698b2c758b08a3eaa9daa58a39"

character-parser@1.2.0:
  version "1.2.0"
  resolved "https://registry.yarnpkg.com/character-parser/-/character-parser-1.2.0.tgz#94134d6e5d870a39be359f7d22460935184ddef6"

clone@^1.0.1:
  version "1.0.4"
  resolved "https://registry.yarnpkg.com/clone/-/clone-1.0.4.tgz#da309cc263df15994c688ca902179ca3c7cd7c7e"

codemirror@~3.20.0:
  version "3.20.0"
  resolved "https://registry.yarnpkg.com/codemirror/-/codemirror-3.20.0.tgz#2e10326c2f0bf043b1ede32fdbc06ddfab801c62"

coffee-script@>=1.0.1:
  version "1.12.7"
  resolved "https://registry.yarnpkg.com/coffee-script/-/coffee-script-1.12.7.tgz#c05dae0cb79591d05b3070a8433a98c9a89ccc53"

coffee-script@~1.7.0:
  version "1.7.1"
  resolved "https://registry.yarnpkg.com/coffee-script/-/coffee-script-1.7.1.tgz#62996a861780c75e6d5069d13822723b73404bfc"
  dependencies:
    mkdirp "~0.3.5"

coffeeify@^0.6.0:
  version "0.6.0"
  resolved "https://registry.yarnpkg.com/coffeeify/-/coffeeify-0.6.0.tgz#75caba9b2e92c7836c92465c883b6acc9d894652"
  dependencies:
    coffee-script "~1.7.0"
    convert-source-map "~0.3.3"
    through "~2.3.4"

combine-source-map@~0.3.0:
  version "0.3.0"
  resolved "https://registry.yarnpkg.com/combine-source-map/-/combine-source-map-0.3.0.tgz#d9e74f593d9cd43807312cb5d846d451efaa9eb7"
  dependencies:
    convert-source-map "~0.3.0"
    inline-source-map "~0.3.0"
    source-map "~0.1.31"

commander@2.1.0:
  version "2.1.0"
  resolved "https://registry.yarnpkg.com/commander/-/commander-2.1.0.tgz#d121bbae860d9992a3d517ba96f56588e47c6781"

commondir@0.0.1:
  version "0.0.1"
  resolved "https://registry.yarnpkg.com/commondir/-/commondir-0.0.1.tgz#89f00fdcd51b519c578733fec563e6a6da7f5be2"

concat-map@0.0.1:
  version "0.0.1"
  resolved "https://registry.yarnpkg.com/concat-map/-/concat-map-0.0.1.tgz#d8a96bd77fd68df7793a73036a3ba0d5405d477b"

concat-stream@~1.4.1, concat-stream@~1.4.5:
  version "1.4.11"
  resolved "https://registry.yarnpkg.com/concat-stream/-/concat-stream-1.4.11.tgz#1dc9f666f2621da9c618b1e7f8f3b2ff70b5f76f"
  dependencies:
    inherits "~2.0.1"
    readable-stream "~1.1.9"
    typedarray "~0.0.5"

concat-stream@~1.6.0:
  version "1.6.2"
  resolved "https://registry.yarnpkg.com/concat-stream/-/concat-stream-1.6.2.tgz#904bdf194cd3122fc675c77fc4ac3d4ff0fd1a34"
  dependencies:
    buffer-from "^1.0.0"
    inherits "^2.0.3"
    readable-stream "^2.2.2"
    typedarray "^0.0.6"

console-browserify@~1.0.1:
  version "1.0.3"
  resolved "https://registry.yarnpkg.com/console-browserify/-/console-browserify-1.0.3.tgz#d3898d2c3a93102f364197f8874b4f92b5286a8e"

constantinople@~1.0.2:
  version "1.0.2"
  resolved "https://registry.yarnpkg.com/constantinople/-/constantinople-1.0.2.tgz#0e64747dc836644d3f659247efd95231b48c3e71"
  dependencies:
    uglify-js "~2.4.0"

constants-browserify@~0.0.1:
  version "0.0.1"
  resolved "https://registry.yarnpkg.com/constants-browserify/-/constants-browserify-0.0.1.tgz#92577db527ba6c4cf0a4568d84bc031f441e21f2"

convert-source-map@^1.5.1:
  version "1.5.1"
  resolved "https://registry.yarnpkg.com/convert-source-map/-/convert-source-map-1.5.1.tgz#b8278097b9bc229365de5c62cf5fcaed8b5599e5"

convert-source-map@~0.3.0, convert-source-map@~0.3.3:
  version "0.3.5"
  resolved "https://registry.yarnpkg.com/convert-source-map/-/convert-source-map-0.3.5.tgz#f1d802950af7dd2631a1febe0596550c86ab3190"

core-js@^2.4.0:
  version "2.5.5"
  resolved "https://registry.yarnpkg.com/core-js/-/core-js-2.5.5.tgz#b14dde936c640c0579a6b50cabcc132dd6127e3b"

core-util-is@~1.0.0:
  version "1.0.2"
  resolved "https://registry.yarnpkg.com/core-util-is/-/core-util-is-1.0.2.tgz#b5fd54220aa2bc5ab57aab7140c940754503c1a7"

crypto-browserify@~1.0.9:
  version "1.0.9"
  resolved "https://registry.yarnpkg.com/crypto-browserify/-/crypto-browserify-1.0.9.tgz#cc5449685dfb85eb11c9828acc7cb87ab5bbfcc0"

css-parse@1.0.4:
  version "1.0.4"
  resolved "https://registry.yarnpkg.com/css-parse/-/css-parse-1.0.4.tgz#38b0503fbf9da9f54e9c1dbda60e145c77117bdd"

css-stringify@1.0.5:
  version "1.0.5"
  resolved "https://registry.yarnpkg.com/css-stringify/-/css-stringify-1.0.5.tgz#b0d042946db2953bb9d292900a6cb5f6d0122031"

css@~1.0.8:
  version "1.0.8"
  resolved "https://registry.yarnpkg.com/css/-/css-1.0.8.tgz#9386811ca82bccc9ee7fb5a732b1e2a317c8a3e7"
  dependencies:
    css-parse "1.0.4"
    css-stringify "1.0.5"

decamelize@^1.0.0:
  version "1.2.0"
  resolved "https://registry.yarnpkg.com/decamelize/-/decamelize-1.2.0.tgz#f6534d15148269b20352e7bee26f501f9a191290"

deep-equal@^1.0.0:
  version "1.0.1"
  resolved "https://registry.yarnpkg.com/deep-equal/-/deep-equal-1.0.1.tgz#f5d260292b660e084eff4cdbc9f08ad3247448b5"

deep-equal@~0.1.0:
  version "0.1.2"
  resolved "https://registry.yarnpkg.com/deep-equal/-/deep-equal-0.1.2.tgz#b246c2b80a570a47c11be1d9bd1070ec878b87ce"

deep-is@~0.1.3:
  version "0.1.3"
  resolved "https://registry.yarnpkg.com/deep-is/-/deep-is-0.1.3.tgz#b369d6fb5dbc13eecf524f91b070feedc357cf34"

defined@~0.0.0:
  version "0.0.0"
  resolved "https://registry.yarnpkg.com/defined/-/defined-0.0.0.tgz#f35eea7d705e933baf13b2f03b3f83d921403b3e"

deps-sort@~0.1.1:
  version "0.1.2"
  resolved "https://registry.yarnpkg.com/deps-sort/-/deps-sort-0.1.2.tgz#daa2fb614a17c9637d801e2f55339ae370f3611a"
  dependencies:
    JSONStream "~0.6.4"
    minimist "~0.0.1"
    through "~2.3.4"

derequire@~0.8.0:
  version "0.8.0"
  resolved "https://registry.yarnpkg.com/derequire/-/derequire-0.8.0.tgz#c1f7f1da2cede44adede047378f03f444e9c4c0d"
  dependencies:
    esprima-fb "^3001.1.0-dev-harmony-fb"
    esrefactor "~0.1.0"
    estraverse "~1.5.0"

detective@~3.1.0:
  version "3.1.0"
  resolved "https://registry.yarnpkg.com/detective/-/detective-3.1.0.tgz#77782444ab752b88ca1be2e9d0a0395f1da25eed"
  dependencies:
    escodegen "~1.1.0"
    esprima-fb "3001.1.0-dev-harmony-fb"

dfa@^1.0.0:
  version "1.1.0"
  resolved "https://registry.yarnpkg.com/dfa/-/dfa-1.1.0.tgz#d30218bd10d030fa421df3ebbc82285463a31781"
  dependencies:
    babel-runtime "^6.11.6"

domain-browser@~1.1.0:
  version "1.1.7"
  resolved "https://registry.yarnpkg.com/domain-browser/-/domain-browser-1.1.7.tgz#867aa4b093faa05f1de08c06f4d7b21fdf8698bc"

duplexer2@0.0.2:
  version "0.0.2"
  resolved "https://registry.yarnpkg.com/duplexer2/-/duplexer2-0.0.2.tgz#c614dcf67e2fb14995a91711e5a617e8a60a31db"
  dependencies:
    readable-stream "~1.1.9"

duplexer2@~0.1.4:
  version "0.1.4"
  resolved "https://registry.yarnpkg.com/duplexer2/-/duplexer2-0.1.4.tgz#8b12dab878c0d69e3e7891051662a32fc6bddcc1"
  dependencies:
    readable-stream "^2.0.2"

duplexer@~0.1.1:
  version "0.1.1"
  resolved "https://registry.yarnpkg.com/duplexer/-/duplexer-0.1.1.tgz#ace6ff808c1ce66b57d1ebf97977acb02334cfc1"

escodegen@0.0.17:
  version "0.0.17"
  resolved "https://registry.yarnpkg.com/escodegen/-/escodegen-0.0.17.tgz#1e78d17df1004fd7a88f2fed3b8b8592f3217f9c"
  dependencies:
    esprima "~1.0.2"
    estraverse "~0.0.4"
  optionalDependencies:
    source-map ">= 0.1.2"

escodegen@^1.8.1, escodegen@~1.9.0:
  version "1.9.1"
  resolved "https://registry.yarnpkg.com/escodegen/-/escodegen-1.9.1.tgz#dbae17ef96c8e4bedb1356f4504fa4cc2f7cb7e2"
  dependencies:
    esprima "^3.1.3"
    estraverse "^4.2.0"
    esutils "^2.0.2"
    optionator "^0.8.1"
  optionalDependencies:
    source-map "~0.6.1"

escodegen@~1.1.0:
  version "1.1.0"
  resolved "https://registry.yarnpkg.com/escodegen/-/escodegen-1.1.0.tgz#c663923f6e20aad48d0c0fa49f31c6d4f49360cf"
  dependencies:
    esprima "~1.0.4"
    estraverse "~1.5.0"
    esutils "~1.0.0"
  optionalDependencies:
    source-map "~0.1.30"

escodegen@~1.2.0:
  version "1.2.0"
  resolved "https://registry.yarnpkg.com/escodegen/-/escodegen-1.2.0.tgz#09de7967791cc958b7f89a2ddb6d23451af327e1"
  dependencies:
    esprima "~1.0.4"
    estraverse "~1.5.0"
    esutils "~1.0.0"
  optionalDependencies:
    source-map "~0.1.30"

escope@~0.0.13:
  version "0.0.16"
  resolved "https://registry.yarnpkg.com/escope/-/escope-0.0.16.tgz#418c7a0afca721dafe659193fd986283e746538f"
  dependencies:
    estraverse ">= 0.0.2"

esprima-fb@3001.1.0-dev-harmony-fb, esprima-fb@^3001.1.0-dev-harmony-fb:
  version "3001.1.0-dev-harmony-fb"
  resolved "https://registry.yarnpkg.com/esprima-fb/-/esprima-fb-3001.0001.0000-dev-harmony-fb.tgz#b77d37abcd38ea0b77426bb8bc2922ce6b426411"

esprima@^3.1.3:
  version "3.1.3"
  resolved "https://registry.yarnpkg.com/esprima/-/esprima-3.1.3.tgz#fdca51cee6133895e3c88d535ce49dbff62a4633"

esprima@~1.0.2, esprima@~1.0.4:
  version "1.0.4"
  resolved "https://registry.yarnpkg.com/esprima/-/esprima-1.0.4.tgz#9f557e08fc3b4d26ece9dd34f8fbf476b62585ad"

esrefactor@~0.1.0:
  version "0.1.0"
  resolved "https://registry.yarnpkg.com/esrefactor/-/esrefactor-0.1.0.tgz#d142795a282339ab81e936b5b7a21b11bf197b13"
  dependencies:
    escope "~0.0.13"
    esprima "~1.0.2"
    estraverse "~0.0.4"

"estraverse@>= 0.0.2", estraverse@^4.2.0:
  version "4.2.0"
  resolved "https://registry.yarnpkg.com/estraverse/-/estraverse-4.2.0.tgz#0dee3fed31fcd469618ce7342099fc1afa0bdb13"

estraverse@~0.0.4:
  version "0.0.4"
  resolved "https://registry.yarnpkg.com/estraverse/-/estraverse-0.0.4.tgz#01a0932dfee574684a598af5a67c3bf9b6428db2"

estraverse@~1.5.0:
  version "1.5.1"
  resolved "https://registry.yarnpkg.com/estraverse/-/estraverse-1.5.1.tgz#867a3e8e58a9f84618afb6c2ddbcd916b7cbaf71"

esutils@^2.0.2:
  version "2.0.2"
  resolved "https://registry.yarnpkg.com/esutils/-/esutils-2.0.2.tgz#0abf4f1caa5bcb1f7a9d8acc6dea4faaa04bac9b"

esutils@~1.0.0:
  version "1.0.0"
  resolved "https://registry.yarnpkg.com/esutils/-/esutils-1.0.0.tgz#8151d358e20c8acc7fb745e7472c0025fe496570"

events@~1.0.0:
  version "1.0.2"
  resolved "https://registry.yarnpkg.com/events/-/events-1.0.2.tgz#75849dcfe93d10fb057c30055afdbd51d06a8e24"

exorcist@^0.1.5:
  version "0.1.6"
  resolved "https://registry.yarnpkg.com/exorcist/-/exorcist-0.1.6.tgz#16a4c4837f484d0b8394fb6380a13fd6b42af8ee"
  dependencies:
    convert-source-map "~0.3.3"
    minimist "0.0.5"
    through2 "~0.4.0"

falafel@^2.1.0:
  version "2.1.0"
  resolved "https://registry.yarnpkg.com/falafel/-/falafel-2.1.0.tgz#96bb17761daba94f46d001738b3cedf3a67fe06c"
  dependencies:
    acorn "^5.0.0"
    foreach "^2.0.5"
    isarray "0.0.1"
    object-keys "^1.0.6"

falafel@~0.1.6:
  version "0.1.6"
  resolved "https://registry.yarnpkg.com/falafel/-/falafel-0.1.6.tgz#3084cf3d41b59d15c813be6f259557fdc82b0660"
  dependencies:
    esprima "~1.0.2"

fast-levenshtein@~2.0.4:
  version "2.0.6"
  resolved "https://registry.yarnpkg.com/fast-levenshtein/-/fast-levenshtein-2.0.6.tgz#3d8a5c66883a16a30ca8643e851f19baa7797917"

fontkit@^1.0.0:
  version "1.7.7"
  resolved "https://registry.yarnpkg.com/fontkit/-/fontkit-1.7.7.tgz#ebaf2d8f3fedf302ae3c64b4beeaddc247fcdbb1"
  dependencies:
    babel-runtime "^6.11.6"
    brfs "^1.4.0"
    brotli "^1.2.0"
    browserify-optional "^1.0.0"
    clone "^1.0.1"
    deep-equal "^1.0.0"
    dfa "^1.0.0"
    restructure "^0.5.3"
    tiny-inflate "^1.0.2"
    unicode-properties "^1.0.0"
    unicode-trie "^0.3.0"

foreach@^2.0.5:
  version "2.0.5"
  resolved "https://registry.yarnpkg.com/foreach/-/foreach-2.0.5.tgz#0bee005018aeb260d0a3af3ae658dd0136ec1b99"

function-bind@^1.0.2:
  version "1.1.1"
  resolved "https://registry.yarnpkg.com/function-bind/-/function-bind-1.1.1.tgz#a56899d3ea3c9bab874bb9773b7c5ede92f4895d"

glob@~3.2.8:
  version "3.2.11"
  resolved "https://registry.yarnpkg.com/glob/-/glob-3.2.11.tgz#4a973f635b9190f715d10987d5c00fd2815ebe3d"
  dependencies:
    inherits "2"
    minimatch "0.3"

has@^1.0.1:
  version "1.0.1"
  resolved "https://registry.yarnpkg.com/has/-/has-1.0.1.tgz#8461733f538b0837c9361e39a9ab9e9704dc2f28"
  dependencies:
    function-bind "^1.0.2"

http-browserify@~1.3.1:
  version "1.3.2"
  resolved "https://registry.yarnpkg.com/http-browserify/-/http-browserify-1.3.2.tgz#b562c34479349a690d7a6597df495aefa8c604f5"
  dependencies:
    Base64 "~0.2.0"
    inherits "~2.0.1"

https-browserify@~0.0.0:
  version "0.0.1"
  resolved "https://registry.yarnpkg.com/https-browserify/-/https-browserify-0.0.1.tgz#3f91365cabe60b77ed0ebba24b454e3e09d95a82"

iconv-lite@^0.4.13:
  version "0.4.21"
  resolved "https://registry.yarnpkg.com/iconv-lite/-/iconv-lite-0.4.21.tgz#c47f8733d02171189ebc4a400f3218d348094798"
  dependencies:
    safer-buffer "^2.1.0"

ieee754@~1.1.1:
  version "1.1.11"
  resolved "https://registry.yarnpkg.com/ieee754/-/ieee754-1.1.11.tgz#c16384ffe00f5b7835824e67b6f2bd44a5229455"

indexof@0.0.1:
  version "0.0.1"
  resolved "https://registry.yarnpkg.com/indexof/-/indexof-0.0.1.tgz#82dc336d232b9062179d05ab3293a66059fd435d"

inherits@2, inherits@^2.0.3, inherits@~2.0.1, inherits@~2.0.3:
  version "2.0.3"
  resolved "https://registry.yarnpkg.com/inherits/-/inherits-2.0.3.tgz#633c2c83e3da42a502f52466022480f4208261de"

inherits@2.0.1:
  version "2.0.1"
  resolved "https://registry.yarnpkg.com/inherits/-/inherits-2.0.1.tgz#b17d08d326b4423e568eff719f91b0b1cbdf69f1"

inline-source-map@~0.3.0:
  version "0.3.1"
  resolved "https://registry.yarnpkg.com/inline-source-map/-/inline-source-map-0.3.1.tgz#a528b514e689fce90db3089e870d92f527acb5eb"
  dependencies:
    source-map "~0.3.0"

insert-module-globals@~6.0.0:
  version "6.0.0"
  resolved "https://registry.yarnpkg.com/insert-module-globals/-/insert-module-globals-6.0.0.tgz#ee8aeb9dee16819e33aa14588a558824af0c15dc"
  dependencies:
    JSONStream "~0.7.1"
    concat-stream "~1.4.1"
    lexical-scope "~1.1.0"
    process "~0.6.0"
    through "~2.3.4"
    xtend "^3.0.0"

is-promise@~1:
  version "1.0.1"
  resolved "https://registry.yarnpkg.com/is-promise/-/is-promise-1.0.1.tgz#31573761c057e33c2e91aab9e96da08cefbe76e5"

isarray@0.0.1:
  version "0.0.1"
  resolved "https://registry.yarnpkg.com/isarray/-/isarray-0.0.1.tgz#8a18acfca9a8f4177e09abfc6038939b05d1eedf"

isarray@~1.0.0:
  version "1.0.0"
  resolved "https://registry.yarnpkg.com/isarray/-/isarray-1.0.0.tgz#bb935d48582cba168c06834957a54a3e07124f11"

jade@~1.1.5:
  version "1.1.5"
  resolved "https://registry.yarnpkg.com/jade/-/jade-1.1.5.tgz#e884d3d3565807e280f5ba760f68addb176627a3"
  dependencies:
    character-parser "1.2.0"
    commander "2.1.0"
    constantinople "~1.0.2"
    mkdirp "~0.3.5"
    monocle "1.1.51"
    transformers "2.1.0"
    with "~2.0.0"

jsonparse@0.0.5:
  version "0.0.5"
  resolved "https://registry.yarnpkg.com/jsonparse/-/jsonparse-0.0.5.tgz#330542ad3f0a654665b778f3eb2d9a9fa507ac64"

levn@~0.3.0:
  version "0.3.0"
  resolved "https://registry.yarnpkg.com/levn/-/levn-0.3.0.tgz#3b09924edf9f083c0490fdd4c0bc4421e04764ee"
  dependencies:
    prelude-ls "~1.1.2"
    type-check "~0.3.2"

lexical-scope@~1.1.0:
  version "1.1.1"
  resolved "https://registry.yarnpkg.com/lexical-scope/-/lexical-scope-1.1.1.tgz#debac1067435f1359d90fcfd9e94bcb2ee47b2bf"
  dependencies:
    astw "^2.0.0"

linebreak@^0.3.0:
  version "0.3.0"
  resolved "https://registry.yarnpkg.com/linebreak/-/linebreak-0.3.0.tgz#0526480a62c05bd679f3e9d99830e09c6a7d0ed6"
  dependencies:
    base64-js "0.0.8"
    brfs "^1.3.0"
    unicode-trie "^0.3.0"

lru-cache@2:
  version "2.7.3"
  resolved "https://registry.yarnpkg.com/lru-cache/-/lru-cache-2.7.3.tgz#6d4524e8b955f95d4f5b58851ce21dd72fb4e952"

magic-string@^0.22.4:
  version "0.22.5"
  resolved "https://registry.yarnpkg.com/magic-string/-/magic-string-0.22.5.tgz#8e9cf5afddf44385c1da5bc2a6a0dbd10b03657e"
  dependencies:
    vlq "^0.2.2"

markdown@~0.5.0:
  version "0.5.0"
  resolved "https://registry.yarnpkg.com/markdown/-/markdown-0.5.0.tgz#28205b565a8ae7592de207463d6637dc182722b2"
  dependencies:
    nopt "~2.1.1"

merge-source-map@1.0.4:
  version "1.0.4"
  resolved "https://registry.yarnpkg.com/merge-source-map/-/merge-source-map-1.0.4.tgz#a5de46538dae84d4114cc5ea02b4772a6346701f"
  dependencies:
    source-map "^0.5.6"

minimatch@0.3:
  version "0.3.0"
  resolved "https://registry.yarnpkg.com/minimatch/-/minimatch-0.3.0.tgz#275d8edaac4f1bb3326472089e7949c8394699dd"
  dependencies:
    lru-cache "2"
    sigmund "~1.0.0"

minimatch@>=0.2.4:
  version "3.0.4"
  resolved "https://registry.yarnpkg.com/minimatch/-/minimatch-3.0.4.tgz#5166e286457f03306064be5497e8dbb0c3d32083"
  dependencies:
    brace-expansion "^1.1.7"

minimist@0.0.5:
  version "0.0.5"
  resolved "https://registry.yarnpkg.com/minimist/-/minimist-0.0.5.tgz#d7aa327bcecf518f9106ac6b8f003fa3bcea8566"

minimist@^1.1.3:
  version "1.2.0"
  resolved "https://registry.yarnpkg.com/minimist/-/minimist-1.2.0.tgz#a35008b20f41383eec1fb914f4cd5df79a264284"

minimist@~0.0.1, minimist@~0.0.7, minimist@~0.0.9:
  version "0.0.10"
  resolved "https://registry.yarnpkg.com/minimist/-/minimist-0.0.10.tgz#de3f98543dbf96082be48ad1a0c7cda836301dcf"

mkdirp@~0.3.5:
  version "0.3.5"
  resolved "https://registry.yarnpkg.com/mkdirp/-/mkdirp-0.3.5.tgz#de3e5f8961c88c787ee1368df849ac4413eca8d7"

module-deps@~2.0.0:
  version "2.0.6"
  resolved "https://registry.yarnpkg.com/module-deps/-/module-deps-2.0.6.tgz#b999321c73ac33580f00712c0f3075fdca42563f"
  dependencies:
    JSONStream "~0.7.1"
    browser-resolve "~1.2.4"
    concat-stream "~1.4.5"
    detective "~3.1.0"
    duplexer2 "0.0.2"
    inherits "~2.0.1"
    minimist "~0.0.9"
    parents "0.0.2"
    readable-stream "^1.0.27-1"
    resolve "~0.6.3"
    stream-combiner "~0.1.0"
    through2 "~0.4.1"

monocle@1.1.51:
  version "1.1.51"
  resolved "https://registry.yarnpkg.com/monocle/-/monocle-1.1.51.tgz#22ed16e112e9b056769c5ccac920e375249d89c0"
  dependencies:
    readdirp "~0.2.3"

nopt@~2.1.1:
  version "2.1.2"
  resolved "https://registry.yarnpkg.com/nopt/-/nopt-2.1.2.tgz#6cccd977b80132a07731d6e8ce58c2c8303cf9af"
  dependencies:
    abbrev "1"

object-inspect@~1.4.0:
  version "1.4.1"
  resolved "https://registry.yarnpkg.com/object-inspect/-/object-inspect-1.4.1.tgz#37ffb10e71adaf3748d05f713b4c9452f402cbc4"

object-keys@^1.0.6:
  version "1.0.11"
  resolved "https://registry.yarnpkg.com/object-keys/-/object-keys-1.0.11.tgz#c54601778ad560f1142ce0e01bcca8b56d13426d"

object-keys@~0.4.0:
  version "0.4.0"
  resolved "https://registry.yarnpkg.com/object-keys/-/object-keys-0.4.0.tgz#28a6aae7428dd2c3a92f3d95f21335dd204e0336"

optimist@~0.3.5:
  version "0.3.7"
  resolved "https://registry.yarnpkg.com/optimist/-/optimist-0.3.7.tgz#c90941ad59e4273328923074d2cf2e7cbc6ec0d9"
  dependencies:
    wordwrap "~0.0.2"

optionator@^0.8.1:
  version "0.8.2"
  resolved "https://registry.yarnpkg.com/optionator/-/optionator-0.8.2.tgz#364c5e409d3f4d6301d6c0b4c05bba50180aeb64"
  dependencies:
    deep-is "~0.1.3"
    fast-levenshtein "~2.0.4"
    levn "~0.3.0"
    prelude-ls "~1.1.2"
    type-check "~0.3.2"
    wordwrap "~1.0.0"

os-browserify@~0.1.1:
  version "0.1.2"
  resolved "https://registry.yarnpkg.com/os-browserify/-/os-browserify-0.1.2.tgz#49ca0293e0b19590a5f5de10c7f265a617d8fe54"

pako@^0.2.5, pako@~0.2.0:
  version "0.2.9"
  resolved "https://registry.yarnpkg.com/pako/-/pako-0.2.9.tgz#f3f7522f4ef782348da8161bad9ecfd51bf83a75"

parents@0.0.2:
  version "0.0.2"
  resolved "https://registry.yarnpkg.com/parents/-/parents-0.0.2.tgz#67147826e497d40759aaf5ba4c99659b6034d302"

parents@~0.0.1:
  version "0.0.3"
  resolved "https://registry.yarnpkg.com/parents/-/parents-0.0.3.tgz#fa212f024d9fa6318dbb6b4ce676c8be493b9c43"
  dependencies:
    path-platform "^0.0.1"

path-browserify@~0.0.0:
  version "0.0.0"
  resolved "https://registry.yarnpkg.com/path-browserify/-/path-browserify-0.0.0.tgz#a0b870729aae214005b7d5032ec2cbbb0fb4451a"

path-parse@^1.0.5:
  version "1.0.5"
  resolved "https://registry.yarnpkg.com/path-parse/-/path-parse-1.0.5.tgz#3c1adf871ea9cd6c9431b6ea2bd74a0ff055c4c1"

path-platform@^0.0.1:
  version "0.0.1"
  resolved "https://registry.yarnpkg.com/path-platform/-/path-platform-0.0.1.tgz#b5585d7c3c463d89aa0060d86611cf1afd617e2a"

png-js@>=0.1.0:
  version "0.1.1"
  resolved "https://registry.yarnpkg.com/png-js/-/png-js-0.1.1.tgz#1cc7c212303acabe74263ec3ac78009580242d93"

prelude-ls@~1.1.2:
  version "1.1.2"
  resolved "https://registry.yarnpkg.com/prelude-ls/-/prelude-ls-1.1.2.tgz#21932a549f5e52ffd9a827f570e04be62a97da54"

process-nextick-args@~2.0.0:
  version "2.0.0"
  resolved "https://registry.yarnpkg.com/process-nextick-args/-/process-nextick-args-2.0.0.tgz#a37d732f4271b4ab1ad070d35508e8290788ffaa"

process@^0.7.0:
  version "0.7.0"
  resolved "https://registry.yarnpkg.com/process/-/process-0.7.0.tgz#c52208161a34adf3812344ae85d3e6150469389d"

process@~0.5.1:
  version "0.5.2"
  resolved "https://registry.yarnpkg.com/process/-/process-0.5.2.tgz#1638d8a8e34c2f440a91db95ab9aeb677fc185cf"

process@~0.6.0:
  version "0.6.0"
  resolved "https://registry.yarnpkg.com/process/-/process-0.6.0.tgz#7dd9be80ffaaedd4cb628f1827f1cbab6dc0918f"

promise@~2.0:
  version "2.0.0"
  resolved "https://registry.yarnpkg.com/promise/-/promise-2.0.0.tgz#46648aa9d605af5d2e70c3024bf59436da02b80e"
  dependencies:
    is-promise "~1"

punycode@1.3.2:
  version "1.3.2"
  resolved "https://registry.yarnpkg.com/punycode/-/punycode-1.3.2.tgz#9653a036fb7c1ee42342f2325cceefea3926c48d"

punycode@~1.2.3:
  version "1.2.4"
  resolved "https://registry.yarnpkg.com/punycode/-/punycode-1.2.4.tgz#54008ac972aec74175def9cba6df7fa9d3918740"

querystring-es3@0.2.0:
  version "0.2.0"
  resolved "https://registry.yarnpkg.com/querystring-es3/-/querystring-es3-0.2.0.tgz#c365a08a69c443accfeb3a9deab35e3f0abaa476"

querystring@0.2.0:
  version "0.2.0"
  resolved "https://registry.yarnpkg.com/querystring/-/querystring-0.2.0.tgz#b209849203bb25df820da756e747005878521620"

quote-stream@^1.0.1, quote-stream@~1.0.2:
  version "1.0.2"
  resolved "https://registry.yarnpkg.com/quote-stream/-/quote-stream-1.0.2.tgz#84963f8c9c26b942e153feeb53aae74652b7e0b2"
  dependencies:
    buffer-equal "0.0.1"
    minimist "^1.1.3"
    through2 "^2.0.0"

readable-stream@^1.0.27-1, readable-stream@~1.1.9:
  version "1.1.14"
  resolved "https://registry.yarnpkg.com/readable-stream/-/readable-stream-1.1.14.tgz#7cf4c54ef648e3813084c636dd2079e166c081d9"
  dependencies:
    core-util-is "~1.0.0"
    inherits "~2.0.1"
    isarray "0.0.1"
    string_decoder "~0.10.x"

readable-stream@^2.0.2, readable-stream@^2.1.5, readable-stream@^2.2.2, readable-stream@~2.3.3:
  version "2.3.6"
  resolved "https://registry.yarnpkg.com/readable-stream/-/readable-stream-2.3.6.tgz#b11c27d88b8ff1fbe070643cf94b0c79ae1b0aaf"
  dependencies:
    core-util-is "~1.0.0"
    inherits "~2.0.3"
    isarray "~1.0.0"
    process-nextick-args "~2.0.0"
    safe-buffer "~5.1.1"
    string_decoder "~1.1.1"
    util-deprecate "~1.0.1"

readable-stream@~1.0.17:
  version "1.0.34"
  resolved "https://registry.yarnpkg.com/readable-stream/-/readable-stream-1.0.34.tgz#125820e34bc842d2f2aaafafe4c2916ee32c157c"
  dependencies:
    core-util-is "~1.0.0"
    inherits "~2.0.1"
    isarray "0.0.1"
    string_decoder "~0.10.x"

readdirp@~0.2.3:
  version "0.2.5"
  resolved "https://registry.yarnpkg.com/readdirp/-/readdirp-0.2.5.tgz#c4c276e52977ae25db5191fe51d008550f15d9bb"
  dependencies:
    minimatch ">=0.2.4"

regenerator-runtime@^0.11.0:
  version "0.11.1"
  resolved "https://registry.yarnpkg.com/regenerator-runtime/-/regenerator-runtime-0.11.1.tgz#be05ad7f9bf7d22e056f9726cee5017fbf19e2e9"

resolve@0.6.3, resolve@~0.6.1, resolve@~0.6.3:
  version "0.6.3"
  resolved "https://registry.yarnpkg.com/resolve/-/resolve-0.6.3.tgz#dd957982e7e736debdf53b58a4dd91754575dd46"

resolve@1.1.7:
  version "1.1.7"
  resolved "https://registry.yarnpkg.com/resolve/-/resolve-1.1.7.tgz#203114d82ad2c5ed9e8e0411b3932875e889e97b"

resolve@^1.1.5:
  version "1.7.1"
  resolved "https://registry.yarnpkg.com/resolve/-/resolve-1.7.1.tgz#aadd656374fd298aee895bc026b8297418677fd3"
  dependencies:
    path-parse "^1.0.5"

resolve@~0.3.0:
  version "0.3.1"
  resolved "https://registry.yarnpkg.com/resolve/-/resolve-0.3.1.tgz#34c63447c664c70598d1c9b126fc43b2a24310a4"

restructure@^0.5.3:
  version "0.5.4"
  resolved "https://registry.yarnpkg.com/restructure/-/restructure-0.5.4.tgz#f54e7dd563590fb34fd6bf55876109aeccb28de8"
  dependencies:
    browserify-optional "^1.0.0"

rfile@~1.0, rfile@~1.0.0:
  version "1.0.0"
  resolved "https://registry.yarnpkg.com/rfile/-/rfile-1.0.0.tgz#59708cf90ca1e74c54c3cfc5c36fdb9810435261"
  dependencies:
    callsite "~1.0.0"
    resolve "~0.3.0"

ruglify@~1.0.0:
  version "1.0.0"
  resolved "https://registry.yarnpkg.com/ruglify/-/ruglify-1.0.0.tgz#dc8930e2a9544a274301cc9972574c0d0986b675"
  dependencies:
    rfile "~1.0"
    uglify-js "~2.2"

safe-buffer@~5.1.0, safe-buffer@~5.1.1:
  version "5.1.1"
  resolved "https://registry.yarnpkg.com/safe-buffer/-/safe-buffer-5.1.1.tgz#893312af69b2123def71f57889001671eeb2c853"

safer-buffer@^2.1.0:
  version "2.1.2"
  resolved "https://registry.yarnpkg.com/safer-buffer/-/safer-buffer-2.1.2.tgz#44fa161b0187b9549dd84bb91802f9bd8385cd6a"

shallow-copy@0.0.1, shallow-copy@~0.0.1:
  version "0.0.1"
  resolved "https://registry.yarnpkg.com/shallow-copy/-/shallow-copy-0.0.1.tgz#415f42702d73d810330292cc5ee86eae1a11a170"

shell-quote@~0.0.1:
  version "0.0.1"
  resolved "https://registry.yarnpkg.com/shell-quote/-/shell-quote-0.0.1.tgz#1a41196f3c0333c482323593d6886ecf153dd986"

sigmund@~1.0.0:
  version "1.0.1"
  resolved "https://registry.yarnpkg.com/sigmund/-/sigmund-1.0.1.tgz#3ff21f198cad2175f9f3b781853fd94d0d19b590"

source-map@0.1.34:
  version "0.1.34"
  resolved "https://registry.yarnpkg.com/source-map/-/source-map-0.1.34.tgz#a7cfe89aec7b1682c3b198d0acfb47d7d090566b"
  dependencies:
    amdefine ">=0.0.4"

"source-map@>= 0.1.2":
  version "0.7.2"
  resolved "https://registry.yarnpkg.com/source-map/-/source-map-0.7.2.tgz#115c3e891aaa9a484869fd2b89391a225feba344"

source-map@^0.5.6:
  version "0.5.7"
  resolved "https://registry.yarnpkg.com/source-map/-/source-map-0.5.7.tgz#8a039d2d1021d22d1ea14c80d8ea468ba2ef3fcc"

source-map@~0.1.30, source-map@~0.1.31, source-map@~0.1.7:
  version "0.1.43"
  resolved "https://registry.yarnpkg.com/source-map/-/source-map-0.1.43.tgz#c24bc146ca517c1471f5dacbe2571b2b7f9e3346"
  dependencies:
    amdefine ">=0.0.4"

source-map@~0.3.0:
  version "0.3.0"
  resolved "https://registry.yarnpkg.com/source-map/-/source-map-0.3.0.tgz#8586fb9a5a005e5b501e21cd18b6f21b457ad1f9"
  dependencies:
    amdefine ">=0.0.4"

source-map@~0.6.1:
  version "0.6.1"
  resolved "https://registry.yarnpkg.com/source-map/-/source-map-0.6.1.tgz#74722af32e9614e9c287a8d0bbde48b5e2f1a263"

static-eval@^2.0.0:
  version "2.0.0"
  resolved "https://registry.yarnpkg.com/static-eval/-/static-eval-2.0.0.tgz#0e821f8926847def7b4b50cda5d55c04a9b13864"
  dependencies:
    escodegen "^1.8.1"

static-module@^2.2.0:
  version "2.2.4"
  resolved "https://registry.yarnpkg.com/static-module/-/static-module-2.2.4.tgz#25a3ffbe6e1fdaf7e64e5bc21edcd77fc7708dac"
  dependencies:
    concat-stream "~1.6.0"
    convert-source-map "^1.5.1"
    duplexer2 "~0.1.4"
    escodegen "~1.9.0"
    falafel "^2.1.0"
    has "^1.0.1"
    magic-string "^0.22.4"
    merge-source-map "1.0.4"
    object-inspect "~1.4.0"
    quote-stream "~1.0.2"
    readable-stream "~2.3.3"
    shallow-copy "~0.0.1"
    static-eval "^2.0.0"
    through2 "~2.0.3"

stream-browserify@~0.1.0:
  version "0.1.3"
  resolved "https://registry.yarnpkg.com/stream-browserify/-/stream-browserify-0.1.3.tgz#95cf1b369772e27adaf46352265152689c6c4be9"
  dependencies:
    inherits "~2.0.1"
    process "~0.5.1"

stream-combiner@~0.0.2:
  version "0.0.4"
  resolved "https://registry.yarnpkg.com/stream-combiner/-/stream-combiner-0.0.4.tgz#4d5e433c185261dde623ca3f44c586bcf5c4ad14"
  dependencies:
    duplexer "~0.1.1"

stream-combiner@~0.1.0:
  version "0.1.0"
  resolved "https://registry.yarnpkg.com/stream-combiner/-/stream-combiner-0.1.0.tgz#0dc389a3c203f8f4d56368f95dde52eb9269b5be"
  dependencies:
    duplexer "~0.1.1"
    through "~2.3.4"

string_decoder@~0.0.0:
  version "0.0.1"
  resolved "https://registry.yarnpkg.com/string_decoder/-/string_decoder-0.0.1.tgz#f5472d0a8d1650ec823752d24e6fd627b39bf141"

string_decoder@~0.10.x:
  version "0.10.31"
  resolved "https://registry.yarnpkg.com/string_decoder/-/string_decoder-0.10.31.tgz#62e203bc41766c6c28c9fc84301dab1c5310fa94"

string_decoder@~1.1.1:
  version "1.1.1"
  resolved "https://registry.yarnpkg.com/string_decoder/-/string_decoder-1.1.1.tgz#9cf1611ba62685d7030ae9e4ba34149c3af03fc8"
  dependencies:
    safe-buffer "~5.1.0"

subarg@0.0.1:
  version "0.0.1"
  resolved "https://registry.yarnpkg.com/subarg/-/subarg-0.0.1.tgz#3d56b07dacfbc45bbb63f7672b43b63e46368e3a"
  dependencies:
    minimist "~0.0.7"

syntax-error@~1.1.0:
  version "1.1.6"
  resolved "https://registry.yarnpkg.com/syntax-error/-/syntax-error-1.1.6.tgz#b4549706d386cc1c1dc7c2423f18579b6cade710"
  dependencies:
    acorn "^2.7.0"

through2@^2.0.0, through2@~2.0.3:
  version "2.0.3"
  resolved "https://registry.yarnpkg.com/through2/-/through2-2.0.3.tgz#0004569b37c7c74ba39c43f3ced78d1ad94140be"
  dependencies:
    readable-stream "^2.1.5"
    xtend "~4.0.1"

through2@~0.4.0, through2@~0.4.1:
  version "0.4.2"
  resolved "https://registry.yarnpkg.com/through2/-/through2-0.4.2.tgz#dbf5866031151ec8352bb6c4db64a2292a840b9b"
  dependencies:
    readable-stream "~1.0.17"
    xtend "~2.1.1"

"through@>=2.2.7 <3", through@~2.3.4:
  version "2.3.8"
  resolved "https://registry.yarnpkg.com/through/-/through-2.3.8.tgz#0dd4c9ffaabc357960b1b724115d7e0e86a2e1f5"

through@~2.2.0, through@~2.2.7:
  version "2.2.7"
  resolved "https://registry.yarnpkg.com/through/-/through-2.2.7.tgz#6e8e21200191d4eb6a99f6f010df46aa1c6eb2bd"

timers-browserify@~1.0.1:
  version "1.0.3"
  resolved "https://registry.yarnpkg.com/timers-browserify/-/timers-browserify-1.0.3.tgz#ffba70c9c12eed916fd67318e629ac6f32295551"
  dependencies:
    process "~0.5.1"

tiny-inflate@^1.0.0, tiny-inflate@^1.0.2:
  version "1.0.2"
  resolved "https://registry.yarnpkg.com/tiny-inflate/-/tiny-inflate-1.0.2.tgz#93d9decffc8805bd57eae4310f0b745e9b6fb3a7"

transformers@2.1.0:
  version "2.1.0"
  resolved "https://registry.yarnpkg.com/transformers/-/transformers-2.1.0.tgz#5d23cb35561dd85dc67fb8482309b47d53cce9a7"
  dependencies:
    css "~1.0.8"
    promise "~2.0"
    uglify-js "~2.2.5"

tty-browserify@~0.0.0:
  version "0.0.1"
  resolved "https://registry.yarnpkg.com/tty-browserify/-/tty-browserify-0.0.1.tgz#3f05251ee17904dfd0677546670db9651682b811"

type-check@~0.3.2:
  version "0.3.2"
  resolved "https://registry.yarnpkg.com/type-check/-/type-check-0.3.2.tgz#5884cab512cf1d355e3fb784f30804b2b520db72"
  dependencies:
    prelude-ls "~1.1.2"

typedarray@^0.0.6, typedarray@~0.0.5:
  version "0.0.6"
  resolved "https://registry.yarnpkg.com/typedarray/-/typedarray-0.0.6.tgz#867ac74e3864187b1d3d47d996a78ec5c8830777"

uglify-js@2.4.0:
  version "2.4.0"
  resolved "https://registry.yarnpkg.com/uglify-js/-/uglify-js-2.4.0.tgz#a5f2b6b1b817fb34c16a04234328c89ba1e77137"
  dependencies:
    async "~0.2.6"
    optimist "~0.3.5"
    source-map "~0.1.7"
    uglify-to-browserify "~1.0.0"

uglify-js@~2.2, uglify-js@~2.2.5:
  version "2.2.5"
  resolved "https://registry.yarnpkg.com/uglify-js/-/uglify-js-2.2.5.tgz#a6e02a70d839792b9780488b7b8b184c095c99c7"
  dependencies:
    optimist "~0.3.5"
    source-map "~0.1.7"

uglify-js@~2.4.0:
  version "2.4.24"
  resolved "https://registry.yarnpkg.com/uglify-js/-/uglify-js-2.4.24.tgz#fad5755c1e1577658bb06ff9ab6e548c95bebd6e"
  dependencies:
    async "~0.2.6"
    source-map "0.1.34"
    uglify-to-browserify "~1.0.0"
    yargs "~3.5.4"

uglify-to-browserify@~1.0.0:
  version "1.0.2"
  resolved "https://registry.yarnpkg.com/uglify-to-browserify/-/uglify-to-browserify-1.0.2.tgz#6e0924d6bda6b5afe349e39a6d632850a0f882b7"

umd@~2.0.0:
  version "2.0.0"
  resolved "https://registry.yarnpkg.com/umd/-/umd-2.0.0.tgz#749683b0d514728ae0e1b6195f5774afc0ad4f8f"
  dependencies:
    rfile "~1.0.0"
    ruglify "~1.0.0"
    through "~2.3.4"
    uglify-js "~2.4.0"

unicode-properties@^1.0.0:
  version "1.1.0"
  resolved "https://registry.yarnpkg.com/unicode-properties/-/unicode-properties-1.1.0.tgz#7a96eef49f75682ea69d2315eec9ac43ffdf00c1"
  dependencies:
    brfs "^1.4.0"
    unicode-trie "^0.3.0"

unicode-trie@^0.3.0:
  version "0.3.1"
  resolved "https://registry.yarnpkg.com/unicode-trie/-/unicode-trie-0.3.1.tgz#d671dddd89101a08bac37b6a5161010602052085"
  dependencies:
    pako "^0.2.5"
    tiny-inflate "^1.0.0"

url@~0.10.1:
  version "0.10.3"
  resolved "https://registry.yarnpkg.com/url/-/url-0.10.3.tgz#021e4d9c7705f21bbf37d03ceb58767402774c64"
  dependencies:
    punycode "1.3.2"
    querystring "0.2.0"

util-deprecate@~1.0.1:
  version "1.0.2"
  resolved "https://registry.yarnpkg.com/util-deprecate/-/util-deprecate-1.0.2.tgz#450d4dc9fa70de732762fbd2d4a28981419a0ccf"

util@0.10.3, util@~0.10.1:
  version "0.10.3"
  resolved "https://registry.yarnpkg.com/util/-/util-0.10.3.tgz#7afb1afe50805246489e3db7fe0ed379336ac0f9"
  dependencies:
    inherits "2.0.1"

vlq@^0.2.2:
  version "0.2.3"
  resolved "https://registry.yarnpkg.com/vlq/-/vlq-0.2.3.tgz#8f3e4328cf63b1540c0d67e1b2778386f8975b26"

vm-browserify@~0.0.1:
  version "0.0.4"
  resolved "https://registry.yarnpkg.com/vm-browserify/-/vm-browserify-0.0.4.tgz#5d7ea45bbef9e4a6ff65f95438e0a87c357d5a73"
  dependencies:
    indexof "0.0.1"

w3c-blob@0.0.1:
  version "0.0.1"
  resolved "https://registry.yarnpkg.com/w3c-blob/-/w3c-blob-0.0.1.tgz#b0cd352a1a50f515563420ffd5861f950f1d85b8"

window-size@0.1.0:
  version "0.1.0"
  resolved "https://registry.yarnpkg.com/window-size/-/window-size-0.1.0.tgz#5438cd2ea93b202efa3a19fe8887aee7c94f9c9d"

with@~2.0.0:
  version "2.0.0"
  resolved "https://registry.yarnpkg.com/with/-/with-2.0.0.tgz#ec01ff021db9df05639047147ede012f5e6d0afd"
  dependencies:
    uglify-js "2.4.0"

wordwrap@0.0.2:
  version "0.0.2"
  resolved "https://registry.yarnpkg.com/wordwrap/-/wordwrap-0.0.2.tgz#b79669bb42ecb409f83d583cad52ca17eaa1643f"

wordwrap@~0.0.2:
  version "0.0.3"
  resolved "https://registry.yarnpkg.com/wordwrap/-/wordwrap-0.0.3.tgz#a3d5da6cd5c0bc0008d37234bbaf1bed63059107"

wordwrap@~1.0.0:
  version "1.0.0"
  resolved "https://registry.yarnpkg.com/wordwrap/-/wordwrap-1.0.0.tgz#27584810891456a4171c8d0226441ade90cbcaeb"

xtend@^3.0.0:
  version "3.0.0"
  resolved "https://registry.yarnpkg.com/xtend/-/xtend-3.0.0.tgz#5cce7407baf642cba7becda568111c493f59665a"

xtend@~2.1.1:
  version "2.1.2"
  resolved "https://registry.yarnpkg.com/xtend/-/xtend-2.1.2.tgz#6efecc2a4dad8e6962c4901b337ce7ba87b5d28b"
  dependencies:
    object-keys "~0.4.0"

xtend@~4.0.1:
  version "4.0.1"
  resolved "https://registry.yarnpkg.com/xtend/-/xtend-4.0.1.tgz#a5c6d532be656e23db820efb943a1f04998d63af"

yargs@~3.5.4:
  version "3.5.4"
  resolved "https://registry.yarnpkg.com/yargs/-/yargs-3.5.4.tgz#d8aff8f665e94c34bd259bdebd1bfaf0ddd35361"
  dependencies:
    camelcase "^1.0.2"
    decamelize "^1.0.0"
    window-size "0.1.0"
    wordwrap "0.0.2"
